// !$*UTF8*$!
{
	archiveVersion = 1;
	classes = {
	};
	objectVersion = 50;
	objects = {

/* Begin PBXBuildFile section */
		EB85C77521983E6D00901892 /* SkillVC.swift in Sources */ = {isa = PBXBuildFile; fileRef = EB85C77421983E6D00901892 /* SkillVC.swift */; };
		EB85C77721983E9600901892 /* LeagueVC.swift in Sources */ = {isa = PBXBuildFile; fileRef = EB85C77621983E9600901892 /* LeagueVC.swift */; };
		EBC225D52192CBDB00F48216 /* AppDelegate.swift in Sources */ = {isa = PBXBuildFile; fileRef = EBC225D42192CBDB00F48216 /* AppDelegate.swift */; };
		EBC225D72192CBDB00F48216 /* WelcomeVC.swift in Sources */ = {isa = PBXBuildFile; fileRef = EBC225D62192CBDB00F48216 /* WelcomeVC.swift */; };
		EBC225DA2192CBDB00F48216 /* Main.storyboard in Resources */ = {isa = PBXBuildFile; fileRef = EBC225D82192CBDB00F48216 /* Main.storyboard */; };
		EBC225DC2192CBDC00F48216 /* Assets.xcassets in Resources */ = {isa = PBXBuildFile; fileRef = EBC225DB2192CBDC00F48216 /* Assets.xcassets */; };
		EBC225DF2192CBDC00F48216 /* LaunchScreen.storyboard in Resources */ = {isa = PBXBuildFile; fileRef = EBC225DD2192CBDC00F48216 /* LaunchScreen.storyboard */; };
		EBC225EA2192CBDC00F48216 /* app_swooshTests.swift in Sources */ = {isa = PBXBuildFile; fileRef = EBC225E92192CBDC00F48216 /* app_swooshTests.swift */; };
		EBC225F52192CBDC00F48216 /* app_swooshUITests.swift in Sources */ = {isa = PBXBuildFile; fileRef = EBC225F42192CBDC00F48216 /* app_swooshUITests.swift */; };
		EBC226042192D2CF00F48216 /* BorderButton.swift in Sources */ = {isa = PBXBuildFile; fileRef = EBC226032192D2CF00F48216 /* BorderButton.swift */; };
/* End PBXBuildFile section */

/* Begin PBXContainerItemProxy section */
		EBC225E62192CBDC00F48216 /* PBXContainerItemProxy */ = {
			isa = PBXContainerItemProxy;
			containerPortal = EBC225C92192CBDB00F48216 /* Project object */;
			proxyType = 1;
			remoteGlobalIDString = EBC225D02192CBDB00F48216;
			remoteInfo = "app-swoosh";
		};
		EBC225F12192CBDC00F48216 /* PBXContainerItemProxy */ = {
			isa = PBXContainerItemProxy;
			containerPortal = EBC225C92192CBDB00F48216 /* Project object */;
			proxyType = 1;
			remoteGlobalIDString = EBC225D02192CBDB00F48216;
			remoteInfo = "app-swoosh";
		};
/* End PBXContainerItemProxy section */

/* Begin PBXFileReference section */
		EB85C77421983E6D00901892 /* SkillVC.swift */ = {isa = PBXFileReference; lastKnownFileType = sourcecode.swift; path = SkillVC.swift; sourceTree = "<group>"; };
		EB85C77621983E9600901892 /* LeagueVC.swift */ = {isa = PBXFileReference; lastKnownFileType = sourcecode.swift; path = LeagueVC.swift; sourceTree = "<group>"; };
		EBC225D12192CBDB00F48216 /* app-swoosh.app */ = {isa = PBXFileReference; explicitFileType = wrapper.application; includeInIndex = 0; path = "app-swoosh.app"; sourceTree = BUILT_PRODUCTS_DIR; };
		EBC225D42192CBDB00F48216 /* AppDelegate.swift */ = {isa = PBXFileReference; lastKnownFileType = sourcecode.swift; path = AppDelegate.swift; sourceTree = "<group>"; };
		EBC225D62192CBDB00F48216 /* WelcomeVC.swift */ = {isa = PBXFileReference; lastKnownFileType = sourcecode.swift; path = WelcomeVC.swift; sourceTree = "<group>"; };
		EBC225D92192CBDB00F48216 /* Base */ = {isa = PBXFileReference; lastKnownFileType = file.storyboard; name = Base; path = Base.lproj/Main.storyboard; sourceTree = "<group>"; };
		EBC225DB2192CBDC00F48216 /* Assets.xcassets */ = {isa = PBXFileReference; lastKnownFileType = folder.assetcatalog; path = Assets.xcassets; sourceTree = "<group>"; };
		EBC225DE2192CBDC00F48216 /* Base */ = {isa = PBXFileReference; lastKnownFileType = file.storyboard; name = Base; path = Base.lproj/LaunchScreen.storyboard; sourceTree = "<group>"; };
		EBC225E02192CBDC00F48216 /* Info.plist */ = {isa = PBXFileReference; lastKnownFileType = text.plist.xml; path = Info.plist; sourceTree = "<group>"; };
		EBC225E52192CBDC00F48216 /* app-swooshTests.xctest */ = {isa = PBXFileReference; explicitFileType = wrapper.cfbundle; includeInIndex = 0; path = "app-swooshTests.xctest"; sourceTree = BUILT_PRODUCTS_DIR; };
		EBC225E92192CBDC00F48216 /* app_swooshTests.swift */ = {isa = PBXFileReference; lastKnownFileType = sourcecode.swift; path = app_swooshTests.swift; sourceTree = "<group>"; };
		EBC225EB2192CBDC00F48216 /* Info.plist */ = {isa = PBXFileReference; lastKnownFileType = text.plist.xml; path = Info.plist; sourceTree = "<group>"; };
		EBC225F02192CBDC00F48216 /* app-swooshUITests.xctest */ = {isa = PBXFileReference; explicitFileType = wrapper.cfbundle; includeInIndex = 0; path = "app-swooshUITests.xctest"; sourceTree = BUILT_PRODUCTS_DIR; };
		EBC225F42192CBDC00F48216 /* app_swooshUITests.swift */ = {isa = PBXFileReference; lastKnownFileType = sourcecode.swift; path = app_swooshUITests.swift; sourceTree = "<group>"; };
		EBC225F62192CBDC00F48216 /* Info.plist */ = {isa = PBXFileReference; lastKnownFileType = text.plist.xml; path = Info.plist; sourceTree = "<group>"; };
		EBC226032192D2CF00F48216 /* BorderButton.swift */ = {isa = PBXFileReference; lastKnownFileType = sourcecode.swift; path = BorderButton.swift; sourceTree = "<group>"; };
/* End PBXFileReference section */

/* Begin PBXFrameworksBuildPhase section */
		EBC225CE2192CBDB00F48216 /* Frameworks */ = {
			isa = PBXFrameworksBuildPhase;
			buildActionMask = 2147483647;
			files = (
			);
			runOnlyForDeploymentPostprocessing = 0;
		};
		EBC225E22192CBDC00F48216 /* Frameworks */ = {
			isa = PBXFrameworksBuildPhase;
			buildActionMask = 2147483647;
			files = (
			);
			runOnlyForDeploymentPostprocessing = 0;
		};
		EBC225ED2192CBDC00F48216 /* Frameworks */ = {
			isa = PBXFrameworksBuildPhase;
			buildActionMask = 2147483647;
			files = (
			);
			runOnlyForDeploymentPostprocessing = 0;
		};
/* End PBXFrameworksBuildPhase section */

/* Begin PBXGroup section */
		EB85C76E21983D4300901892 /* Controller */ = {
			isa = PBXGroup;
			children = (
				EBC225D62192CBDB00F48216 /* WelcomeVC.swift */,
				EB85C77421983E6D00901892 /* SkillVC.swift */,
				EB85C77621983E9600901892 /* LeagueVC.swift */,
			);
			path = Controller;
			sourceTree = "<group>";
		};
		EB85C76F21983D5A00901892 /* Model */ = {
			isa = PBXGroup;
			children = (
			);
			path = Model;
			sourceTree = "<group>";
		};
		EBC225C82192CBDB00F48216 = {
			isa = PBXGroup;
			children = (
				EBC225D32192CBDB00F48216 /* app-swoosh */,
				EBC225E82192CBDC00F48216 /* app-swooshTests */,
				EBC225F32192CBDC00F48216 /* app-swooshUITests */,
				EBC225D22192CBDB00F48216 /* Products */,
			);
			sourceTree = "<group>";
		};
		EBC225D22192CBDB00F48216 /* Products */ = {
			isa = PBXGroup;
			children = (
				EBC225D12192CBDB00F48216 /* app-swoosh.app */,
				EBC225E52192CBDC00F48216 /* app-swooshTests.xctest */,
				EBC225F02192CBDC00F48216 /* app-swooshUITests.xctest */,
			);
			name = Products;
			sourceTree = "<group>";
		};
		EBC225D32192CBDB00F48216 /* app-swoosh */ = {
			isa = PBXGroup;
			children = (
				EB85C76F21983D5A00901892 /* Model */,
				EB85C76E21983D4300901892 /* Controller */,
				EBC226022192D25E00F48216 /* Views */,
				EBC225D42192CBDB00F48216 /* AppDelegate.swift */,
				EBC225D82192CBDB00F48216 /* Main.storyboard */,
				EBC225DB2192CBDC00F48216 /* Assets.xcassets */,
				EBC225DD2192CBDC00F48216 /* LaunchScreen.storyboard */,
				EBC225E02192CBDC00F48216 /* Info.plist */,
			);
			path = "app-swoosh";
			sourceTree = "<group>";
		};
		EBC225E82192CBDC00F48216 /* app-swooshTests */ = {
			isa = PBXGroup;
			children = (
				EBC225E92192CBDC00F48216 /* app_swooshTests.swift */,
				EBC225EB2192CBDC00F48216 /* Info.plist */,
			);
			path = "app-swooshTests";
			sourceTree = "<group>";
		};
		EBC225F32192CBDC00F48216 /* app-swooshUITests */ = {
			isa = PBXGroup;
			children = (
				EBC225F42192CBDC00F48216 /* app_swooshUITests.swift */,
				EBC225F62192CBDC00F48216 /* Info.plist */,
			);
			path = "app-swooshUITests";
			sourceTree = "<group>";
		};
		EBC226022192D25E00F48216 /* Views */ = {
			isa = PBXGroup;
			children = (
				EBC226032192D2CF00F48216 /* BorderButton.swift */,
			);
			path = Views;
			sourceTree = "<group>";
		};
/* End PBXGroup section */

/* Begin PBXNativeTarget section */
		EBC225D02192CBDB00F48216 /* app-swoosh */ = {
			isa = PBXNativeTarget;
			buildConfigurationList = EBC225F92192CBDC00F48216 /* Build configuration list for PBXNativeTarget "app-swoosh" */;
			buildPhases = (
				EBC225CD2192CBDB00F48216 /* Sources */,
				EBC225CE2192CBDB00F48216 /* Frameworks */,
				EBC225CF2192CBDB00F48216 /* Resources */,
			);
			buildRules = (
			);
			dependencies = (
			);
			name = "app-swoosh";
			productName = "app-swoosh";
			productReference = EBC225D12192CBDB00F48216 /* app-swoosh.app */;
			productType = "com.apple.product-type.application";
		};
		EBC225E42192CBDC00F48216 /* app-swooshTests */ = {
			isa = PBXNativeTarget;
			buildConfigurationList = EBC225FC2192CBDC00F48216 /* Build configuration list for PBXNativeTarget "app-swooshTests" */;
			buildPhases = (
				EBC225E12192CBDC00F48216 /* Sources */,
				EBC225E22192CBDC00F48216 /* Frameworks */,
				EBC225E32192CBDC00F48216 /* Resources */,
			);
			buildRules = (
			);
			dependencies = (
				EBC225E72192CBDC00F48216 /* PBXTargetDependency */,
			);
			name = "app-swooshTests";
			productName = "app-swooshTests";
			productReference = EBC225E52192CBDC00F48216 /* app-swooshTests.xctest */;
			productType = "com.apple.product-type.bundle.unit-test";
		};
		EBC225EF2192CBDC00F48216 /* app-swooshUITests */ = {
			isa = PBXNativeTarget;
			buildConfigurationList = EBC225FF2192CBDC00F48216 /* Build configuration list for PBXNativeTarget "app-swooshUITests" */;
			buildPhases = (
				EBC225EC2192CBDC00F48216 /* Sources */,
				EBC225ED2192CBDC00F48216 /* Frameworks */,
				EBC225EE2192CBDC00F48216 /* Resources */,
			);
			buildRules = (
			);
			dependencies = (
				EBC225F22192CBDC00F48216 /* PBXTargetDependency */,
			);
			name = "app-swooshUITests";
			productName = "app-swooshUITests";
			productReference = EBC225F02192CBDC00F48216 /* app-swooshUITests.xctest */;
			productType = "com.apple.product-type.bundle.ui-testing";
		};
/* End PBXNativeTarget section */

/* Begin PBXProject section */
		EBC225C92192CBDB00F48216 /* Project object */ = {
			isa = PBXProject;
			attributes = {
				LastSwiftUpdateCheck = 1000;
				LastUpgradeCheck = 1000;
				ORGANIZATIONNAME = "Toms Krauklis";
				TargetAttributes = {
					EBC225D02192CBDB00F48216 = {
						CreatedOnToolsVersion = 10.0;
					};
					EBC225E42192CBDC00F48216 = {
						CreatedOnToolsVersion = 10.0;
						TestTargetID = EBC225D02192CBDB00F48216;
					};
					EBC225EF2192CBDC00F48216 = {
						CreatedOnToolsVersion = 10.0;
						TestTargetID = EBC225D02192CBDB00F48216;
					};
				};
			};
			buildConfigurationList = EBC225CC2192CBDB00F48216 /* Build configuration list for PBXProject "app-swoosh" */;
			compatibilityVersion = "Xcode 9.3";
			developmentRegion = en;
			hasScannedForEncodings = 0;
			knownRegions = (
				en,
				Base,
			);
			mainGroup = EBC225C82192CBDB00F48216;
			productRefGroup = EBC225D22192CBDB00F48216 /* Products */;
			projectDirPath = "";
			projectRoot = "";
			targets = (
				EBC225D02192CBDB00F48216 /* app-swoosh */,
				EBC225E42192CBDC00F48216 /* app-swooshTests */,
				EBC225EF2192CBDC00F48216 /* app-swooshUITests */,
			);
		};
/* End PBXProject section */

/* Begin PBXResourcesBuildPhase section */
		EBC225CF2192CBDB00F48216 /* Resources */ = {
			isa = PBXResourcesBuildPhase;
			buildActionMask = 2147483647;
			files = (
				EBC225DF2192CBDC00F48216 /* LaunchScreen.storyboard in Resources */,
				EBC225DC2192CBDC00F48216 /* Assets.xcassets in Resources */,
				EBC225DA2192CBDB00F48216 /* Main.storyboard in Resources */,
			);
			runOnlyForDeploymentPostprocessing = 0;
		};
		EBC225E32192CBDC00F48216 /* Resources */ = {
			isa = PBXResourcesBuildPhase;
			buildActionMask = 2147483647;
			files = (
			);
			runOnlyForDeploymentPostprocessing = 0;
		};
		EBC225EE2192CBDC00F48216 /* Resources */ = {
			isa = PBXResourcesBuildPhase;
			buildActionMask = 2147483647;
			files = (
			);
			runOnlyForDeploymentPostprocessing = 0;
		};
/* End PBXResourcesBuildPhase section */

/* Begin PBXSourcesBuildPhase section */
		EBC225CD2192CBDB00F48216 /* Sources */ = {
			isa = PBXSourcesBuildPhase;
			buildActionMask = 2147483647;
			files = (
				EB85C77721983E9600901892 /* LeagueVC.swift in Sources */,
				EBC225D72192CBDB00F48216 /* WelcomeVC.swift in Sources */,
				EBC225D52192CBDB00F48216 /* AppDelegate.swift in Sources */,
				EB85C77521983E6D00901892 /* SkillVC.swift in Sources */,
				EBC226042192D2CF00F48216 /* BorderButton.swift in Sources */,
			);
			runOnlyForDeploymentPostprocessing = 0;
		};
		EBC225E12192CBDC00F48216 /* Sources */ = {
			isa = PBXSourcesBuildPhase;
			buildActionMask = 2147483647;
			files = (
				EBC225EA2192CBDC00F48216 /* app_swooshTests.swift in Sources */,
			);
			runOnlyForDeploymentPostprocessing = 0;
		};
		EBC225EC2192CBDC00F48216 /* Sources */ = {
			isa = PBXSourcesBuildPhase;
			buildActionMask = 2147483647;
			files = (
				EBC225F52192CBDC00F48216 /* app_swooshUITests.swift in Sources */,
			);
			runOnlyForDeploymentPostprocessing = 0;
		};
/* End PBXSourcesBuildPhase section */

/* Begin PBXTargetDependency section */
		EBC225E72192CBDC00F48216 /* PBXTargetDependency */ = {
			isa = PBXTargetDependency;
			target = EBC225D02192CBDB00F48216 /* app-swoosh */;
			targetProxy = EBC225E62192CBDC00F48216 /* PBXContainerItemProxy */;
		};
		EBC225F22192CBDC00F48216 /* PBXTargetDependency */ = {
			isa = PBXTargetDependency;
			target = EBC225D02192CBDB00F48216 /* app-swoosh */;
			targetProxy = EBC225F12192CBDC00F48216 /* PBXContainerItemProxy */;
		};
/* End PBXTargetDependency section */

/* Begin PBXVariantGroup section */
		EBC225D82192CBDB00F48216 /* Main.storyboard */ = {
			isa = PBXVariantGroup;
			children = (
				EBC225D92192CBDB00F48216 /* Base */,
			);
			name = Main.storyboard;
			sourceTree = "<group>";
		};
		EBC225DD2192CBDC00F48216 /* LaunchScreen.storyboard */ = {
			isa = PBXVariantGroup;
			children = (
				EBC225DE2192CBDC00F48216 /* Base */,
			);
			name = LaunchScreen.storyboard;
			sourceTree = "<group>";
		};
/* End PBXVariantGroup section */

/* Begin XCBuildConfiguration section */
		EBC225F72192CBDC00F48216 /* Debug */ = {
			isa = XCBuildConfiguration;
			buildSettings = {
				ALWAYS_SEARCH_USER_PATHS = NO;
				CLANG_ANALYZER_NONNULL = YES;
				CLANG_ANALYZER_NUMBER_OBJECT_CONVERSION = YES_AGGRESSIVE;
				CLANG_CXX_LANGUAGE_STANDARD = "gnu++14";
				CLANG_CXX_LIBRARY = "libc++";
				CLANG_ENABLE_MODULES = YES;
				CLANG_ENABLE_OBJC_ARC = YES;
				CLANG_ENABLE_OBJC_WEAK = YES;
				CLANG_WARN_BLOCK_CAPTURE_AUTORELEASING = YES;
				CLANG_WARN_BOOL_CONVERSION = YES;
				CLANG_WARN_COMMA = YES;
				CLANG_WARN_CONSTANT_CONVERSION = YES;
				CLANG_WARN_DEPRECATED_OBJC_IMPLEMENTATIONS = YES;
				CLANG_WARN_DIRECT_OBJC_ISA_USAGE = YES_ERROR;
				CLANG_WARN_DOCUMENTATION_COMMENTS = YES;
				CLANG_WARN_EMPTY_BODY = YES;
				CLANG_WARN_ENUM_CONVERSION = YES;
				CLANG_WARN_INFINITE_RECURSION = YES;
				CLANG_WARN_INT_CONVERSION = YES;
				CLANG_WARN_NON_LITERAL_NULL_CONVERSION = YES;
				CLANG_WARN_OBJC_IMPLICIT_RETAIN_SELF = YES;
				CLANG_WARN_OBJC_LITERAL_CONVERSION = YES;
				CLANG_WARN_OBJC_ROOT_CLASS = YES_ERROR;
				CLANG_WARN_RANGE_LOOP_ANALYSIS = YES;
				CLANG_WARN_STRICT_PROTOTYPES = YES;
				CLANG_WARN_SUSPICIOUS_MOVE = YES;
				CLANG_WARN_UNGUARDED_AVAILABILITY = YES_AGGRESSIVE;
				CLANG_WARN_UNREACHABLE_CODE = YES;
				CLANG_WARN__DUPLICATE_METHOD_MATCH = YES;
				CODE_SIGN_IDENTITY = "iPhone Developer";
				COPY_PHASE_STRIP = NO;
				DEBUG_INFORMATION_FORMAT = dwarf;
				ENABLE_STRICT_OBJC_MSGSEND = YES;
				ENABLE_TESTABILITY = YES;
				GCC_C_LANGUAGE_STANDARD = gnu11;
				GCC_DYNAMIC_NO_PIC = NO;
				GCC_NO_COMMON_BLOCKS = YES;
				GCC_OPTIMIZATION_LEVEL = 0;
				GCC_PREPROCESSOR_DEFINITIONS = (
					"DEBUG=1",
					"$(inherited)",
				);
				GCC_WARN_64_TO_32_BIT_CONVERSION = YES;
				GCC_WARN_ABOUT_RETURN_TYPE = YES_ERROR;
				GCC_WARN_UNDECLARED_SELECTOR = YES;
				GCC_WARN_UNINITIALIZED_AUTOS = YES_AGGRESSIVE;
				GCC_WARN_UNUSED_FUNCTION = YES;
				GCC_WARN_UNUSED_VARIABLE = YES;
				IPHONEOS_DEPLOYMENT_TARGET = 12.0;
				MTL_ENABLE_DEBUG_INFO = INCLUDE_SOURCE;
				MTL_FAST_MATH = YES;
				ONLY_ACTIVE_ARCH = YES;
				SDKROOT = iphoneos;
				SWIFT_ACTIVE_COMPILATION_CONDITIONS = DEBUG;
				SWIFT_OPTIMIZATION_LEVEL = "-Onone";
			};
			name = Debug;
		};
		EBC225F82192CBDC00F48216 /* Release */ = {
			isa = XCBuildConfiguration;
			buildSettings = {
				ALWAYS_SEARCH_USER_PATHS = NO;
				CLANG_ANALYZER_NONNULL = YES;
				CLANG_ANALYZER_NUMBER_OBJECT_CONVERSION = YES_AGGRESSIVE;
				CLANG_CXX_LANGUAGE_STANDARD = "gnu++14";
				CLANG_CXX_LIBRARY = "libc++";
				CLANG_ENABLE_MODULES = YES;
				CLANG_ENABLE_OBJC_ARC = YES;
				CLANG_ENABLE_OBJC_WEAK = YES;
				CLANG_WARN_BLOCK_CAPTURE_AUTORELEASING = YES;
				CLANG_WARN_BOOL_CONVERSION = YES;
				CLANG_WARN_COMMA = YES;
				CLANG_WARN_CONSTANT_CONVERSION = YES;
				CLANG_WARN_DEPRECATED_OBJC_IMPLEMENTATIONS = YES;
				CLANG_WARN_DIRECT_OBJC_ISA_USAGE = YES_ERROR;
				CLANG_WARN_DOCUMENTATION_COMMENTS = YES;
				CLANG_WARN_EMPTY_BODY = YES;
				CLANG_WARN_ENUM_CONVERSION = YES;
				CLANG_WARN_INFINITE_RECURSION = YES;
				CLANG_WARN_INT_CONVERSION = YES;
				CLANG_WARN_NON_LITERAL_NULL_CONVERSION = YES;
				CLANG_WARN_OBJC_IMPLICIT_RETAIN_SELF = YES;
				CLANG_WARN_OBJC_LITERAL_CONVERSION = YES;
				CLANG_WARN_OBJC_ROOT_CLASS = YES_ERROR;
				CLANG_WARN_RANGE_LOOP_ANALYSIS = YES;
				CLANG_WARN_STRICT_PROTOTYPES = YES;
				CLANG_WARN_SUSPICIOUS_MOVE = YES;
				CLANG_WARN_UNGUARDED_AVAILABILITY = YES_AGGRESSIVE;
				CLANG_WARN_UNREACHABLE_CODE = YES;
				CLANG_WARN__DUPLICATE_METHOD_MATCH = YES;
				CODE_SIGN_IDENTITY = "iPhone Developer";
				COPY_PHASE_STRIP = NO;
				DEBUG_INFORMATION_FORMAT = "dwarf-with-dsym";
				ENABLE_NS_ASSERTIONS = NO;
				ENABLE_STRICT_OBJC_MSGSEND = YES;
				GCC_C_LANGUAGE_STANDARD = gnu11;
				GCC_NO_COMMON_BLOCKS = YES;
				GCC_WARN_64_TO_32_BIT_CONVERSION = YES;
				GCC_WARN_ABOUT_RETURN_TYPE = YES_ERROR;
				GCC_WARN_UNDECLARED_SELECTOR = YES;
				GCC_WARN_UNINITIALIZED_AUTOS = YES_AGGRESSIVE;
				GCC_WARN_UNUSED_FUNCTION = YES;
				GCC_WARN_UNUSED_VARIABLE = YES;
				IPHONEOS_DEPLOYMENT_TARGET = 12.0;
				MTL_ENABLE_DEBUG_INFO = NO;
				MTL_FAST_MATH = YES;
				SDKROOT = iphoneos;
				SWIFT_COMPILATION_MODE = wholemodule;
				SWIFT_OPTIMIZATION_LEVEL = "-O";
				VALIDATE_PRODUCT = YES;
			};
			name = Release;
		};
		EBC225FA2192CBDC00F48216 /* Debug */ = {
			isa = XCBuildConfiguration;
			buildSettings = {
				ASSETCATALOG_COMPILER_APPICON_NAME = AppIcon;
				CODE_SIGN_STYLE = Automatic;
				INFOPLIST_FILE = "app-swoosh/Info.plist";
				LD_RUNPATH_SEARCH_PATHS = (
					"$(inherited)",
					"@executable_path/Frameworks",
				);
				PRODUCT_BUNDLE_IDENTIFIER = "riley.com.app-swoosh";
				PRODUCT_NAME = "$(TARGET_NAME)";
				SWIFT_VERSION = 4.2;
				TARGETED_DEVICE_FAMILY = "1,2";
			};
			name = Debug;
		};
		EBC225FB2192CBDC00F48216 /* Release */ = {
			isa = XCBuildConfiguration;
			buildSettings = {
				ASSETCATALOG_COMPILER_APPICON_NAME = AppIcon;
				CODE_SIGN_STYLE = Automatic;
				INFOPLIST_FILE = "app-swoosh/Info.plist";
				LD_RUNPATH_SEARCH_PATHS = (
					"$(inherited)",
					"@executable_path/Frameworks",
				);
				PRODUCT_BUNDLE_IDENTIFIER = "riley.com.app-swoosh";
				PRODUCT_NAME = "$(TARGET_NAME)";
				SWIFT_VERSION = 4.2;
				TARGETED_DEVICE_FAMILY = "1,2";
			};
			name = Release;
		};
		EBC225FD2192CBDC00F48216 /* Debug */ = {
			isa = XCBuildConfiguration;
			buildSettings = {
				ALWAYS_EMBED_SWIFT_STANDARD_LIBRARIES = YES;
				BUNDLE_LOADER = "$(TEST_HOST)";
				CODE_SIGN_STYLE = Automatic;
				INFOPLIST_FILE = "app-swooshTests/Info.plist";
				LD_RUNPATH_SEARCH_PATHS = (
					"$(inherited)",
					"@executable_path/Frameworks",
					"@loader_path/Frameworks",
				);
				PRODUCT_BUNDLE_IDENTIFIER = "riley.com.app-swooshTests";
				PRODUCT_NAME = "$(TARGET_NAME)";
				SWIFT_VERSION = 4.2;
				TARGETED_DEVICE_FAMILY = "1,2";
				TEST_HOST = "$(BUILT_PRODUCTS_DIR)/app-swoosh.app/app-swoosh";
			};
			name = Debug;
		};
		EBC225FE2192CBDC00F48216 /* Release */ = {
			isa = XCBuildConfiguration;
			buildSettings = {
				ALWAYS_EMBED_SWIFT_STANDARD_LIBRARIES = YES;
				BUNDLE_LOADER = "$(TEST_HOST)";
				CODE_SIGN_STYLE = Automatic;
				INFOPLIST_FILE = "app-swooshTests/Info.plist";
				LD_RUNPATH_SEARCH_PATHS = (
					"$(inherited)",
					"@executable_path/Frameworks",
					"@loader_path/Frameworks",
				);
				PRODUCT_BUNDLE_IDENTIFIER = "riley.com.app-swooshTests";
				PRODUCT_NAME = "$(TARGET_NAME)";
				SWIFT_VERSION = 4.2;
				TARGETED_DEVICE_FAMILY = "1,2";
				TEST_HOST = "$(BUILT_PRODUCTS_DIR)/app-swoosh.app/app-swoosh";
			};
			name = Release;
		};
		EBC226002192CBDC00F48216 /* Debug */ = {
			isa = XCBuildConfiguration;
			buildSettings = {
				ALWAYS_EMBED_SWIFT_STANDARD_LIBRARIES = YES;
				CODE_SIGN_STYLE = Automatic;
				INFOPLIST_FILE = "app-swooshUITests/Info.plist";
				LD_RUNPATH_SEARCH_PATHS = (
					"$(inherited)",
					"@executable_path/Frameworks",
					"@loader_path/Frameworks",
				);
				PRODUCT_BUNDLE_IDENTIFIER = "riley.com.app-swooshUITests";
				PRODUCT_NAME = "$(TARGET_NAME)";
				SWIFT_VERSION = 4.2;
				TARGETED_DEVICE_FAMILY = "1,2";
				TEST_TARGET_NAME = "app-swoosh";
			};
			name = Debug;
		};
		EBC226012192CBDC00F48216 /* Release */ = {
			isa = XCBuildConfiguration;
			buildSettings = {
				ALWAYS_EMBED_SWIFT_STANDARD_LIBRARIES = YES;
				CODE_SIGN_STYLE = Automatic;
				INFOPLIST_FILE = "app-swooshUITests/Info.plist";
				LD_RUNPATH_SEARCH_PATHS = (
					"$(inherited)",
					"@executable_path/Frameworks",
					"@loader_path/Frameworks",
				);
				PRODUCT_BUNDLE_IDENTIFIER = "riley.com.app-swooshUITests";
				PRODUCT_NAME = "$(TARGET_NAME)";
				SWIFT_VERSION = 4.2;
				TARGETED_DEVICE_FAMILY = "1,2";
				TEST_TARGET_NAME = "app-swoosh";
			};
			name = Release;
		};
/* End XCBuildConfiguration section */

/* Begin XCConfigurationList section */
		EBC225CC2192CBDB00F48216 /* Build configuration list for PBXProject "app-swoosh" */ = {
			isa = XCConfigurationList;
			buildConfigurations = (
				EBC225F72192CBDC00F48216 /* Debug */,
				EBC225F82192CBDC00F48216 /* Release */,
			);
			defaultConfigurationIsVisible = 0;
			defaultConfigurationName = Release;
		};
		EBC225F92192CBDC00F48216 /* Build configuration list for PBXNativeTarget "app-swoosh" */ = {
			isa = XCConfigurationList;
			buildConfigurations = (
				EBC225FA2192CBDC00F48216 /* Debug */,
				EBC225FB2192CBDC00F48216 /* Release */,
			);
			defaultConfigurationIsVisible = 0;
			defaultConfigurationName = Release;
		};
		EBC225FC2192CBDC00F48216 /* Build configuration list for PBXNativeTarget "app-swooshTests" */ = {
			isa = XCConfigurationList;
			buildConfigurations = (
				EBC225FD2192CBDC00F48216 /* Debug */,
				EBC225FE2192CBDC00F48216 /* Release */,
			);
			defaultConfigurationIsVisible = 0;
			defaultConfigurationName = Release;
		};
		EBC225FF2192CBDC00F48216 /* Build configuration list for PBXNativeTarget "app-swooshUITests" */ = {
			isa = XCConfigurationList;
			buildConfigurations = (
				EBC226002192CBDC00F48216 /* Debug */,
				EBC226012192CBDC00F48216 /* Release */,
			);
			defaultConfigurationIsVisible = 0;
			defaultConfigurationName = Release;
		};
/* End XCConfigurationList section */
	};
	rootObject = EBC225C92192CBDB00F48216 /* Project object */;
}
